
Microsoft Visual Studio Solution File, Format Version 12.00
# Visual Studio 15
VisualStudioVersion = 15.0.27703.2042
MinimumVisualStudioVersion = 10.0.40219.1
Project("{E24C65DC-7377-472B-9ABA-BC803B73C61A}") = "LegacyApplication", "LegacyApplication\", "{1E189651-BAB1-4F3A-92E8-7E2AD9D16593}"
	ProjectSection(WebsiteProperties) = preProject
		TargetFrameworkMoniker = ".NETFramework,Version%3Dv4.6.1"
		Debug.AspNetCompiler.VirtualPath = "/localhost_59116"
		Debug.AspNetCompiler.PhysicalPath = "LegacyApplication\"
		Debug.AspNetCompiler.TargetPath = "PrecompiledWeb\localhost_59116\"
		Debug.AspNetCompiler.Updateable = "true"
		Debug.AspNetCompiler.ForceOverwrite = "true"
		Debug.AspNetCompiler.FixedNames = "false"
		Debug.AspNetCompiler.Debug = "True"
		Release.AspNetCompiler.VirtualPath = "/localhost_59116"
		Release.AspNetCompiler.PhysicalPath = "LegacyApplication\"
		Release.AspNetCompiler.TargetPath = "PrecompiledWeb\localhost_59116\"
		Release.AspNetCompiler.Updateable = "true"
		Release.AspNetCompiler.ForceOverwrite = "true"
		Release.AspNetCompiler.FixedNames = "false"
		Release.AspNetCompiler.Debug = "False"
		VWDPort = "59116"
		SlnRelativePath = "LegacyApplication\"
		DefaultWebSiteLanguage = "Visual C#"
	EndProjectSection
EndProject
Global
	GlobalSection(SolutionConfigurationPlatforms) = preSolution
		Debug|Any CPU = Debug|Any CPU
	EndGlobalSection
	GlobalSection(ProjectConfigurationPlatforms) = postSolution
		{1E189651-BAB1-4F3A-92E8-7E2AD9D16593}.Debug|Any CPU.ActiveCfg = Debug|Any CPU
		{1E189651-BAB1-4F3A-92E8-7E2AD9D16593}.Debug|Any CPU.Build.0 = Debug|Any CPU
	EndGlobalSection
	GlobalSection(SolutionProperties) = preSolution
		HideSolutionNode = FALSE
	EndGlobalSection
	GlobalSection(ExtensibilityGlobals) = postSolution
		SolutionGuid = {D10279CA-579E-4C36-B4D0-466A2D556BFF}
	EndGlobalSection
EndGlobal
